
Microsoft Visual Studio Solution File, Format Version 12.00
# Visual Studio 2013
VisualStudioVersion = 12.0.21005.1
MinimumVisualStudioVersion = 10.0.40219.1
Project("{8BC9CEB8-8B4A-11D0-8D11-00A0C91BC942}") = "Cpp00", "Cpp00\Cpp00.vcxproj", "{297068B6-6AA6-4BD1-B6E9-FDAAD3125E97}"
EndProject
Global
	GlobalSection(SolutionConfigurationPlatforms) = preSolution
		Debug|Win32 = Debug|Win32
		Release|Win32 = Release|Win32
	EndGlobalSection
	GlobalSection(ProjectConfigurationPlatforms) = postSolution
		{297068B6-6AA6-4BD1-B6E9-FDAAD3125E97}.Debug|Win32.ActiveCfg = Debug|Win32
		{297068B6-6AA6-4BD1-B6E9-FDAAD3125E97}.Debug|Win32.Build.0 = Debug|Win32
		{297068B6-6AA6-4BD1-B6E9-FDAAD3125E97}.Release|Win32.ActiveCfg = Release|Win32
		{297068B6-6AA6-4BD1-B6E9-FDAAD3125E97}.Release|Win32.Build.0 = Release|Win32
	EndGlobalSection
	GlobalSection(SolutionProperties) = preSolution
		HideSolutionNode = FALSE
	EndGlobalSection
EndGlobal
